{
  "object": {
    "pins": [
      {
        "package": "Typesense",
        "repositoryURL": "https://github.com/typesense/typesense-swift",
        "state": {
          "branch": null,
          "revision": "ce4a2bc6d630ac2040ad30ddfc5d076fe3d63db2",
          "version": "0.1.0"
        }
      }
    ]
  },
  "version": 1
}
